// !$*UTF8*$!
{
	archiveVersion = 1;
	classes = {
	};
	objectVersion = 56;
	objects = {

/* Begin PBXBuildFile section */
		1094C65F232E6F43ACA23162 /* Pods_Testownik.framework in Frameworks */ = {isa = PBXBuildFile; fileRef = E54CCE1D0C26218F701EB992 /* Pods_Testownik.framework */; };
		319977E12B457AC4001FF59E /* AppDelegate.swift in Sources */ = {isa = PBXBuildFile; fileRef = 319977E02B457AC4001FF59E /* AppDelegate.swift */; };
		319977E32B457AC4001FF59E /* SceneDelegate.swift in Sources */ = {isa = PBXBuildFile; fileRef = 319977E22B457AC4001FF59E /* SceneDelegate.swift */; };
		319977EA2B457AC5001FF59E /* Assets.xcassets in Resources */ = {isa = PBXBuildFile; fileRef = 319977E92B457AC5001FF59E /* Assets.xcassets */; };
		319977F62B457FBF001FF59E /* SnapKit in Frameworks */ = {isa = PBXBuildFile; productRef = 319977F52B457FBF001FF59E /* SnapKit */; };
		319977FE2B45828C001FF59E /* HomePresenter.swift in Sources */ = {isa = PBXBuildFile; fileRef = 319977F92B45828C001FF59E /* HomePresenter.swift */; };
		319977FF2B45828C001FF59E /* HomeRouter.swift in Sources */ = {isa = PBXBuildFile; fileRef = 319977FA2B45828C001FF59E /* HomeRouter.swift */; };
		319978002B45828C001FF59E /* HomeViewController.swift in Sources */ = {isa = PBXBuildFile; fileRef = 319977FB2B45828C001FF59E /* HomeViewController.swift */; };
		319978012B45828C001FF59E /* HomeBuilder.swift in Sources */ = {isa = PBXBuildFile; fileRef = 319977FC2B45828C001FF59E /* HomeBuilder.swift */; };
		319978022B45828C001FF59E /* HomeInteractor.swift in Sources */ = {isa = PBXBuildFile; fileRef = 319977FD2B45828C001FF59E /* HomeInteractor.swift */; };
		319978042B4582DE001FF59E /* HomeView.swift in Sources */ = {isa = PBXBuildFile; fileRef = 319978032B4582DE001FF59E /* HomeView.swift */; };
		319978082B458366001FF59E /* BaseView.swift in Sources */ = {isa = PBXBuildFile; fileRef = 319978072B458366001FF59E /* BaseView.swift */; };
		3199780B2B4585EC001FF59E /* AnyObject+ScopeFunctions.swift in Sources */ = {isa = PBXBuildFile; fileRef = 3199780A2B4585EC001FF59E /* AnyObject+ScopeFunctions.swift */; };
		3199780E2B458A26001FF59E /* Localizable.strings in Resources */ = {isa = PBXBuildFile; fileRef = 3199780D2B458A26001FF59E /* Localizable.strings */; };
		319978132B458D37001FF59E /* Strings+Generated.swift in Sources */ = {isa = PBXBuildFile; fileRef = 319978112B458D37001FF59E /* Strings+Generated.swift */; };
		319978142B458D37001FF59E /* XCAssets+Generated.swift in Sources */ = {isa = PBXBuildFile; fileRef = 319978122B458D37001FF59E /* XCAssets+Generated.swift */; };
		319978162B458FA1001FF59E /* UIView+Extensions.swift in Sources */ = {isa = PBXBuildFile; fileRef = 319978152B458FA1001FF59E /* UIView+Extensions.swift */; };
		319978182B458FC3001FF59E /* UIStackView+Extensions.swift in Sources */ = {isa = PBXBuildFile; fileRef = 319978172B458FC3001FF59E /* UIStackView+Extensions.swift */; };
		3199781B2B45BB0E001FF59E /* CoursesCollectionView.swift in Sources */ = {isa = PBXBuildFile; fileRef = 3199781A2B45BB0E001FF59E /* CoursesCollectionView.swift */; };
		3199781D2B45C57B001FF59E /* CoursesCollectionViewCell.swift in Sources */ = {isa = PBXBuildFile; fileRef = 3199781C2B45C57B001FF59E /* CoursesCollectionViewCell.swift */; };
		3199781F2B45D18C001FF59E /* UILabel+Extensions.swift in Sources */ = {isa = PBXBuildFile; fileRef = 3199781E2B45D18C001FF59E /* UILabel+Extensions.swift */; };
		319978232B45DFBF001FF59E /* CoursesCollectionViewDataSource.swift in Sources */ = {isa = PBXBuildFile; fileRef = 319978222B45DFBF001FF59E /* CoursesCollectionViewDataSource.swift */; };
/* End PBXBuildFile section */

/* Begin PBXFileReference section */
		1AF1FC14C09A66722DE8D6B3 /* Pods-Testownik.debug.xcconfig */ = {isa = PBXFileReference; includeInIndex = 1; lastKnownFileType = text.xcconfig; name = "Pods-Testownik.debug.xcconfig"; path = "Target Support Files/Pods-Testownik/Pods-Testownik.debug.xcconfig"; sourceTree = "<group>"; };
		319977DD2B457AC4001FF59E /* Testownik.app */ = {isa = PBXFileReference; explicitFileType = wrapper.application; includeInIndex = 0; path = Testownik.app; sourceTree = BUILT_PRODUCTS_DIR; };
		319977E02B457AC4001FF59E /* AppDelegate.swift */ = {isa = PBXFileReference; lastKnownFileType = sourcecode.swift; path = AppDelegate.swift; sourceTree = "<group>"; };
		319977E22B457AC4001FF59E /* SceneDelegate.swift */ = {isa = PBXFileReference; lastKnownFileType = sourcecode.swift; path = SceneDelegate.swift; sourceTree = "<group>"; };
		319977E92B457AC5001FF59E /* Assets.xcassets */ = {isa = PBXFileReference; lastKnownFileType = folder.assetcatalog; path = Assets.xcassets; sourceTree = "<group>"; };
		319977EE2B457AC5001FF59E /* Info.plist */ = {isa = PBXFileReference; lastKnownFileType = text.plist.xml; name = Info.plist; path = Testownik/Core/Info.plist; sourceTree = SOURCE_ROOT; };
		319977F92B45828C001FF59E /* HomePresenter.swift */ = {isa = PBXFileReference; lastKnownFileType = sourcecode.swift; path = HomePresenter.swift; sourceTree = "<group>"; };
		319977FA2B45828C001FF59E /* HomeRouter.swift */ = {isa = PBXFileReference; lastKnownFileType = sourcecode.swift; path = HomeRouter.swift; sourceTree = "<group>"; };
		319977FB2B45828C001FF59E /* HomeViewController.swift */ = {isa = PBXFileReference; lastKnownFileType = sourcecode.swift; path = HomeViewController.swift; sourceTree = "<group>"; };
		319977FC2B45828C001FF59E /* HomeBuilder.swift */ = {isa = PBXFileReference; lastKnownFileType = sourcecode.swift; path = HomeBuilder.swift; sourceTree = "<group>"; };
		319977FD2B45828C001FF59E /* HomeInteractor.swift */ = {isa = PBXFileReference; lastKnownFileType = sourcecode.swift; path = HomeInteractor.swift; sourceTree = "<group>"; };
		319978032B4582DE001FF59E /* HomeView.swift */ = {isa = PBXFileReference; lastKnownFileType = sourcecode.swift; path = HomeView.swift; sourceTree = "<group>"; };
		319978072B458366001FF59E /* BaseView.swift */ = {isa = PBXFileReference; lastKnownFileType = sourcecode.swift; path = BaseView.swift; sourceTree = "<group>"; };
		3199780A2B4585EC001FF59E /* AnyObject+ScopeFunctions.swift */ = {isa = PBXFileReference; lastKnownFileType = sourcecode.swift; path = "AnyObject+ScopeFunctions.swift"; sourceTree = "<group>"; };
		3199780D2B458A26001FF59E /* Localizable.strings */ = {isa = PBXFileReference; lastKnownFileType = text.plist.strings; path = Localizable.strings; sourceTree = "<group>"; };
		319978112B458D37001FF59E /* Strings+Generated.swift */ = {isa = PBXFileReference; fileEncoding = 4; lastKnownFileType = sourcecode.swift; path = "Strings+Generated.swift"; sourceTree = "<group>"; };
		319978122B458D37001FF59E /* XCAssets+Generated.swift */ = {isa = PBXFileReference; fileEncoding = 4; lastKnownFileType = sourcecode.swift; path = "XCAssets+Generated.swift"; sourceTree = "<group>"; };
		319978152B458FA1001FF59E /* UIView+Extensions.swift */ = {isa = PBXFileReference; lastKnownFileType = sourcecode.swift; path = "UIView+Extensions.swift"; sourceTree = "<group>"; };
		319978172B458FC3001FF59E /* UIStackView+Extensions.swift */ = {isa = PBXFileReference; lastKnownFileType = sourcecode.swift; path = "UIStackView+Extensions.swift"; sourceTree = "<group>"; };
		3199781A2B45BB0E001FF59E /* CoursesCollectionView.swift */ = {isa = PBXFileReference; lastKnownFileType = sourcecode.swift; path = CoursesCollectionView.swift; sourceTree = "<group>"; };
		3199781C2B45C57B001FF59E /* CoursesCollectionViewCell.swift */ = {isa = PBXFileReference; lastKnownFileType = sourcecode.swift; path = CoursesCollectionViewCell.swift; sourceTree = "<group>"; };
		3199781E2B45D18C001FF59E /* UILabel+Extensions.swift */ = {isa = PBXFileReference; lastKnownFileType = sourcecode.swift; path = "UILabel+Extensions.swift"; sourceTree = "<group>"; };
		319978222B45DFBF001FF59E /* CoursesCollectionViewDataSource.swift */ = {isa = PBXFileReference; lastKnownFileType = sourcecode.swift; path = CoursesCollectionViewDataSource.swift; sourceTree = "<group>"; };
		E54CCE1D0C26218F701EB992 /* Pods_Testownik.framework */ = {isa = PBXFileReference; explicitFileType = wrapper.framework; includeInIndex = 0; path = Pods_Testownik.framework; sourceTree = BUILT_PRODUCTS_DIR; };
		E9C7677D76C1BA22EDA92581 /* Pods-Testownik.release.xcconfig */ = {isa = PBXFileReference; includeInIndex = 1; lastKnownFileType = text.xcconfig; name = "Pods-Testownik.release.xcconfig"; path = "Target Support Files/Pods-Testownik/Pods-Testownik.release.xcconfig"; sourceTree = "<group>"; };
/* End PBXFileReference section */

/* Begin PBXFrameworksBuildPhase section */
		319977DA2B457AC4001FF59E /* Frameworks */ = {
			isa = PBXFrameworksBuildPhase;
			buildActionMask = 2147483647;
			files = (
				319977F62B457FBF001FF59E /* SnapKit in Frameworks */,
				1094C65F232E6F43ACA23162 /* Pods_Testownik.framework in Frameworks */,
			);
			runOnlyForDeploymentPostprocessing = 0;
		};
/* End PBXFrameworksBuildPhase section */

/* Begin PBXGroup section */
		319977D42B457AC4001FF59E = {
			isa = PBXGroup;
			children = (
				319977DF2B457AC4001FF59E /* Testownik */,
				319977DE2B457AC4001FF59E /* Products */,
				A3EFD1DEC1626CBFB1D57FF3 /* Pods */,
				B59BDB6B002D00D936FD20F6 /* Frameworks */,
			);
			sourceTree = "<group>";
		};
		319977DE2B457AC4001FF59E /* Products */ = {
			isa = PBXGroup;
			children = (
				319977DD2B457AC4001FF59E /* Testownik.app */,
			);
			name = Products;
			sourceTree = "<group>";
		};
		319977DF2B457AC4001FF59E /* Testownik */ = {
			isa = PBXGroup;
			children = (
				319978202B45DBA2001FF59E /* Core */,
				319978192B4595B6001FF59E /* Views */,
				319978102B458D11001FF59E /* Generated */,
				3199780C2B45895A001FF59E /* Assets */,
				319978092B4585DC001FF59E /* Extensions */,
				319978052B4582F3001FF59E /* Base */,
				319977F72B458234001FF59E /* Screens */,
			);
			path = Testownik;
			sourceTree = "<group>";
		};
		319977F72B458234001FF59E /* Screens */ = {
			isa = PBXGroup;
			children = (
				319977F82B458276001FF59E /* Home */,
			);
			path = Screens;
			sourceTree = "<group>";
		};
		319977F82B458276001FF59E /* Home */ = {
			isa = PBXGroup;
			children = (
				319978212B45DF9F001FF59E /* Views */,
				319977F92B45828C001FF59E /* HomePresenter.swift */,
				319977FA2B45828C001FF59E /* HomeRouter.swift */,
				319977FB2B45828C001FF59E /* HomeViewController.swift */,
				319977FC2B45828C001FF59E /* HomeBuilder.swift */,
				319977FD2B45828C001FF59E /* HomeInteractor.swift */,
				319978222B45DFBF001FF59E /* CoursesCollectionViewDataSource.swift */,
			);
			path = Home;
			sourceTree = "<group>";
		};
		319978052B4582F3001FF59E /* Base */ = {
			isa = PBXGroup;
			children = (
				319978072B458366001FF59E /* BaseView.swift */,
			);
			path = Base;
			sourceTree = "<group>";
		};
		319978092B4585DC001FF59E /* Extensions */ = {
			isa = PBXGroup;
			children = (
				3199780A2B4585EC001FF59E /* AnyObject+ScopeFunctions.swift */,
				319978152B458FA1001FF59E /* UIView+Extensions.swift */,
				319978172B458FC3001FF59E /* UIStackView+Extensions.swift */,
				3199781E2B45D18C001FF59E /* UILabel+Extensions.swift */,
			);
			path = Extensions;
			sourceTree = "<group>";
		};
		3199780C2B45895A001FF59E /* Assets */ = {
			isa = PBXGroup;
			children = (
				319977E92B457AC5001FF59E /* Assets.xcassets */,
				3199780D2B458A26001FF59E /* Localizable.strings */,
			);
			path = Assets;
			sourceTree = "<group>";
		};
		319978102B458D11001FF59E /* Generated */ = {
			isa = PBXGroup;
			children = (
				319978112B458D37001FF59E /* Strings+Generated.swift */,
				319978122B458D37001FF59E /* XCAssets+Generated.swift */,
			);
			path = Generated;
			sourceTree = "<group>";
		};
		319978192B4595B6001FF59E /* Views */ = {
			isa = PBXGroup;
			children = (
			);
			path = Views;
			sourceTree = "<group>";
		};
		319978202B45DBA2001FF59E /* Core */ = {
			isa = PBXGroup;
			children = (
				319977E02B457AC4001FF59E /* AppDelegate.swift */,
				319977E22B457AC4001FF59E /* SceneDelegate.swift */,
				319977EE2B457AC5001FF59E /* Info.plist */,
			);
			path = Core;
			sourceTree = "<group>";
		};
		319978212B45DF9F001FF59E /* Views */ = {
			isa = PBXGroup;
			children = (
				3199781A2B45BB0E001FF59E /* CoursesCollectionView.swift */,
				3199781C2B45C57B001FF59E /* CoursesCollectionViewCell.swift */,
				319978032B4582DE001FF59E /* HomeView.swift */,
			);
			path = Views;
			sourceTree = "<group>";
		};
		A3EFD1DEC1626CBFB1D57FF3 /* Pods */ = {
			isa = PBXGroup;
			children = (
				1AF1FC14C09A66722DE8D6B3 /* Pods-Testownik.debug.xcconfig */,
				E9C7677D76C1BA22EDA92581 /* Pods-Testownik.release.xcconfig */,
			);
			path = Pods;
			sourceTree = "<group>";
		};
		B59BDB6B002D00D936FD20F6 /* Frameworks */ = {
			isa = PBXGroup;
			children = (
				E54CCE1D0C26218F701EB992 /* Pods_Testownik.framework */,
			);
			name = Frameworks;
			sourceTree = "<group>";
		};
/* End PBXGroup section */

/* Begin PBXNativeTarget section */
		319977DC2B457AC4001FF59E /* Testownik */ = {
			isa = PBXNativeTarget;
			buildConfigurationList = 319977F12B457AC5001FF59E /* Build configuration list for PBXNativeTarget "Testownik" */;
			buildPhases = (
				9E929138A0D340498AEED6B6 /* [CP] Check Pods Manifest.lock */,
				3199780F2B458B25001FF59E /* Swiftgen */,
				319977D92B457AC4001FF59E /* Sources */,
				319977DA2B457AC4001FF59E /* Frameworks */,
				319977DB2B457AC4001FF59E /* Resources */,
			);
			buildRules = (
			);
			dependencies = (
			);
			name = Testownik;
			packageProductDependencies = (
				319977F52B457FBF001FF59E /* SnapKit */,
			);
			productName = Testownik;
			productReference = 319977DD2B457AC4001FF59E /* Testownik.app */;
			productType = "com.apple.product-type.application";
		};
/* End PBXNativeTarget section */

/* Begin PBXProject section */
		319977D52B457AC4001FF59E /* Project object */ = {
			isa = PBXProject;
			attributes = {
				BuildIndependentTargetsInParallel = 1;
				LastSwiftUpdateCheck = 1430;
				LastUpgradeCheck = 1430;
				TargetAttributes = {
					319977DC2B457AC4001FF59E = {
						CreatedOnToolsVersion = 14.3.1;
					};
				};
			};
			buildConfigurationList = 319977D82B457AC4001FF59E /* Build configuration list for PBXProject "Testownik" */;
			compatibilityVersion = "Xcode 14.0";
			developmentRegion = en;
			hasScannedForEncodings = 0;
			knownRegions = (
				en,
				Base,
			);
			mainGroup = 319977D42B457AC4001FF59E;
			packageReferences = (
				319977F42B457FBF001FF59E /* XCRemoteSwiftPackageReference "SnapKit" */,
			);
			productRefGroup = 319977DE2B457AC4001FF59E /* Products */;
			projectDirPath = "";
			projectRoot = "";
			targets = (
				319977DC2B457AC4001FF59E /* Testownik */,
			);
		};
/* End PBXProject section */

/* Begin PBXResourcesBuildPhase section */
		319977DB2B457AC4001FF59E /* Resources */ = {
			isa = PBXResourcesBuildPhase;
			buildActionMask = 2147483647;
			files = (
				319977EA2B457AC5001FF59E /* Assets.xcassets in Resources */,
				3199780E2B458A26001FF59E /* Localizable.strings in Resources */,
			);
			runOnlyForDeploymentPostprocessing = 0;
		};
/* End PBXResourcesBuildPhase section */

/* Begin PBXShellScriptBuildPhase section */
		3199780F2B458B25001FF59E /* Swiftgen */ = {
			isa = PBXShellScriptBuildPhase;
			buildActionMask = 2147483647;
			files = (
			);
			inputFileListPaths = (
			);
			inputPaths = (
			);
			name = Swiftgen;
			outputFileListPaths = (
			);
			outputPaths = (
			);
			runOnlyForDeploymentPostprocessing = 0;
			shellPath = /bin/sh;
			shellScript = "if [[ -f \"${PODS_ROOT}/SwiftGen/bin/swiftgen\" ]]; then\n  \"${PODS_ROOT}/SwiftGen/bin/swiftgen\"\nelse\n  echo \"warning: SwiftGen is not installed. Run 'pod install --repo-update' to install it.\"\nfi\n";
		};
		9E929138A0D340498AEED6B6 /* [CP] Check Pods Manifest.lock */ = {
			isa = PBXShellScriptBuildPhase;
			buildActionMask = 2147483647;
			files = (
			);
			inputFileListPaths = (
			);
			inputPaths = (
				"${PODS_PODFILE_DIR_PATH}/Podfile.lock",
				"${PODS_ROOT}/Manifest.lock",
			);
			name = "[CP] Check Pods Manifest.lock";
			outputFileListPaths = (
			);
			outputPaths = (
				"$(DERIVED_FILE_DIR)/Pods-Testownik-checkManifestLockResult.txt",
			);
			runOnlyForDeploymentPostprocessing = 0;
			shellPath = /bin/sh;
			shellScript = "diff \"${PODS_PODFILE_DIR_PATH}/Podfile.lock\" \"${PODS_ROOT}/Manifest.lock\" > /dev/null\nif [ $? != 0 ] ; then\n    # print error to STDERR\n    echo \"error: The sandbox is not in sync with the Podfile.lock. Run 'pod install' or update your CocoaPods installation.\" >&2\n    exit 1\nfi\n# This output is used by Xcode 'outputs' to avoid re-running this script phase.\necho \"SUCCESS\" > \"${SCRIPT_OUTPUT_FILE_0}\"\n";
			showEnvVarsInLog = 0;
		};
/* End PBXShellScriptBuildPhase section */

/* Begin PBXSourcesBuildPhase section */
		319977D92B457AC4001FF59E /* Sources */ = {
			isa = PBXSourcesBuildPhase;
			buildActionMask = 2147483647;
			files = (
				319978012B45828C001FF59E /* HomeBuilder.swift in Sources */,
				319978232B45DFBF001FF59E /* CoursesCollectionViewDataSource.swift in Sources */,
				319978002B45828C001FF59E /* HomeViewController.swift in Sources */,
				3199780B2B4585EC001FF59E /* AnyObject+ScopeFunctions.swift in Sources */,
				3199781F2B45D18C001FF59E /* UILabel+Extensions.swift in Sources */,
				319978142B458D37001FF59E /* XCAssets+Generated.swift in Sources */,
				319977FE2B45828C001FF59E /* HomePresenter.swift in Sources */,
				3199781D2B45C57B001FF59E /* CoursesCollectionViewCell.swift in Sources */,
				319978162B458FA1001FF59E /* UIView+Extensions.swift in Sources */,
				3199781B2B45BB0E001FF59E /* CoursesCollectionView.swift in Sources */,
				319977FF2B45828C001FF59E /* HomeRouter.swift in Sources */,
				319977E12B457AC4001FF59E /* AppDelegate.swift in Sources */,
				319978042B4582DE001FF59E /* HomeView.swift in Sources */,
				319978082B458366001FF59E /* BaseView.swift in Sources */,
				319977E32B457AC4001FF59E /* SceneDelegate.swift in Sources */,
				319978182B458FC3001FF59E /* UIStackView+Extensions.swift in Sources */,
				319978022B45828C001FF59E /* HomeInteractor.swift in Sources */,
				319978132B458D37001FF59E /* Strings+Generated.swift in Sources */,
			);
			runOnlyForDeploymentPostprocessing = 0;
		};
/* End PBXSourcesBuildPhase section */

/* Begin XCBuildConfiguration section */
		319977EF2B457AC5001FF59E /* Debug */ = {
			isa = XCBuildConfiguration;
			buildSettings = {
				ALWAYS_SEARCH_USER_PATHS = NO;
				CLANG_ANALYZER_NONNULL = YES;
				CLANG_ANALYZER_NUMBER_OBJECT_CONVERSION = YES_AGGRESSIVE;
				CLANG_CXX_LANGUAGE_STANDARD = "gnu++20";
				CLANG_ENABLE_MODULES = YES;
				CLANG_ENABLE_OBJC_ARC = YES;
				CLANG_ENABLE_OBJC_WEAK = YES;
				CLANG_WARN_BLOCK_CAPTURE_AUTORELEASING = YES;
				CLANG_WARN_BOOL_CONVERSION = YES;
				CLANG_WARN_COMMA = YES;
				CLANG_WARN_CONSTANT_CONVERSION = YES;
				CLANG_WARN_DEPRECATED_OBJC_IMPLEMENTATIONS = YES;
				CLANG_WARN_DIRECT_OBJC_ISA_USAGE = YES_ERROR;
				CLANG_WARN_DOCUMENTATION_COMMENTS = YES;
				CLANG_WARN_EMPTY_BODY = YES;
				CLANG_WARN_ENUM_CONVERSION = YES;
				CLANG_WARN_INFINITE_RECURSION = YES;
				CLANG_WARN_INT_CONVERSION = YES;
				CLANG_WARN_NON_LITERAL_NULL_CONVERSION = YES;
				CLANG_WARN_OBJC_IMPLICIT_RETAIN_SELF = YES;
				CLANG_WARN_OBJC_LITERAL_CONVERSION = YES;
				CLANG_WARN_OBJC_ROOT_CLASS = YES_ERROR;
				CLANG_WARN_QUOTED_INCLUDE_IN_FRAMEWORK_HEADER = YES;
				CLANG_WARN_RANGE_LOOP_ANALYSIS = YES;
				CLANG_WARN_STRICT_PROTOTYPES = YES;
				CLANG_WARN_SUSPICIOUS_MOVE = YES;
				CLANG_WARN_UNGUARDED_AVAILABILITY = YES_AGGRESSIVE;
				CLANG_WARN_UNREACHABLE_CODE = YES;
				CLANG_WARN__DUPLICATE_METHOD_MATCH = YES;
				COPY_PHASE_STRIP = NO;
				DEBUG_INFORMATION_FORMAT = dwarf;
				ENABLE_STRICT_OBJC_MSGSEND = YES;
				ENABLE_TESTABILITY = YES;
				GCC_C_LANGUAGE_STANDARD = gnu11;
				GCC_DYNAMIC_NO_PIC = NO;
				GCC_NO_COMMON_BLOCKS = YES;
				GCC_OPTIMIZATION_LEVEL = 0;
				GCC_PREPROCESSOR_DEFINITIONS = (
					"DEBUG=1",
					"$(inherited)",
				);
				GCC_WARN_64_TO_32_BIT_CONVERSION = YES;
				GCC_WARN_ABOUT_RETURN_TYPE = YES_ERROR;
				GCC_WARN_UNDECLARED_SELECTOR = YES;
				GCC_WARN_UNINITIALIZED_AUTOS = YES_AGGRESSIVE;
				GCC_WARN_UNUSED_FUNCTION = YES;
				GCC_WARN_UNUSED_VARIABLE = YES;
				IPHONEOS_DEPLOYMENT_TARGET = 16.4;
				MTL_ENABLE_DEBUG_INFO = INCLUDE_SOURCE;
				MTL_FAST_MATH = YES;
				ONLY_ACTIVE_ARCH = YES;
				SDKROOT = iphoneos;
				SWIFT_ACTIVE_COMPILATION_CONDITIONS = DEBUG;
				SWIFT_OPTIMIZATION_LEVEL = "-Onone";
			};
			name = Debug;
		};
		319977F02B457AC5001FF59E /* Release */ = {
			isa = XCBuildConfiguration;
			buildSettings = {
				ALWAYS_SEARCH_USER_PATHS = NO;
				CLANG_ANALYZER_NONNULL = YES;
				CLANG_ANALYZER_NUMBER_OBJECT_CONVERSION = YES_AGGRESSIVE;
				CLANG_CXX_LANGUAGE_STANDARD = "gnu++20";
				CLANG_ENABLE_MODULES = YES;
				CLANG_ENABLE_OBJC_ARC = YES;
				CLANG_ENABLE_OBJC_WEAK = YES;
				CLANG_WARN_BLOCK_CAPTURE_AUTORELEASING = YES;
				CLANG_WARN_BOOL_CONVERSION = YES;
				CLANG_WARN_COMMA = YES;
				CLANG_WARN_CONSTANT_CONVERSION = YES;
				CLANG_WARN_DEPRECATED_OBJC_IMPLEMENTATIONS = YES;
				CLANG_WARN_DIRECT_OBJC_ISA_USAGE = YES_ERROR;
				CLANG_WARN_DOCUMENTATION_COMMENTS = YES;
				CLANG_WARN_EMPTY_BODY = YES;
				CLANG_WARN_ENUM_CONVERSION = YES;
				CLANG_WARN_INFINITE_RECURSION = YES;
				CLANG_WARN_INT_CONVERSION = YES;
				CLANG_WARN_NON_LITERAL_NULL_CONVERSION = YES;
				CLANG_WARN_OBJC_IMPLICIT_RETAIN_SELF = YES;
				CLANG_WARN_OBJC_LITERAL_CONVERSION = YES;
				CLANG_WARN_OBJC_ROOT_CLASS = YES_ERROR;
				CLANG_WARN_QUOTED_INCLUDE_IN_FRAMEWORK_HEADER = YES;
				CLANG_WARN_RANGE_LOOP_ANALYSIS = YES;
				CLANG_WARN_STRICT_PROTOTYPES = YES;
				CLANG_WARN_SUSPICIOUS_MOVE = YES;
				CLANG_WARN_UNGUARDED_AVAILABILITY = YES_AGGRESSIVE;
				CLANG_WARN_UNREACHABLE_CODE = YES;
				CLANG_WARN__DUPLICATE_METHOD_MATCH = YES;
				COPY_PHASE_STRIP = NO;
				DEBUG_INFORMATION_FORMAT = "dwarf-with-dsym";
				ENABLE_NS_ASSERTIONS = NO;
				ENABLE_STRICT_OBJC_MSGSEND = YES;
				GCC_C_LANGUAGE_STANDARD = gnu11;
				GCC_NO_COMMON_BLOCKS = YES;
				GCC_WARN_64_TO_32_BIT_CONVERSION = YES;
				GCC_WARN_ABOUT_RETURN_TYPE = YES_ERROR;
				GCC_WARN_UNDECLARED_SELECTOR = YES;
				GCC_WARN_UNINITIALIZED_AUTOS = YES_AGGRESSIVE;
				GCC_WARN_UNUSED_FUNCTION = YES;
				GCC_WARN_UNUSED_VARIABLE = YES;
				IPHONEOS_DEPLOYMENT_TARGET = 16.4;
				MTL_ENABLE_DEBUG_INFO = NO;
				MTL_FAST_MATH = YES;
				SDKROOT = iphoneos;
				SWIFT_COMPILATION_MODE = wholemodule;
				SWIFT_OPTIMIZATION_LEVEL = "-O";
				VALIDATE_PRODUCT = YES;
			};
			name = Release;
		};
		319977F22B457AC5001FF59E /* Debug */ = {
			isa = XCBuildConfiguration;
			baseConfigurationReference = 1AF1FC14C09A66722DE8D6B3 /* Pods-Testownik.debug.xcconfig */;
			buildSettings = {
				ASSETCATALOG_COMPILER_APPICON_NAME = AppIcon;
				ASSETCATALOG_COMPILER_GLOBAL_ACCENT_COLOR_NAME = AccentColor;
				CODE_SIGN_STYLE = Automatic;
				CURRENT_PROJECT_VERSION = 1;
				GENERATE_INFOPLIST_FILE = YES;
				INFOPLIST_FILE = Testownik/Core/Info.plist;
				INFOPLIST_KEY_UIApplicationSupportsIndirectInputEvents = YES;
				INFOPLIST_KEY_UILaunchStoryboardName = LaunchScreen;
				INFOPLIST_KEY_UISupportedInterfaceOrientations = UIInterfaceOrientationPortrait;
				LD_RUNPATH_SEARCH_PATHS = (
					"$(inherited)",
					"@executable_path/Frameworks",
				);
				MARKETING_VERSION = 1.0;
				PRODUCT_BUNDLE_IDENTIFIER = com.szleszkowski.Testownik;
				PRODUCT_NAME = "$(TARGET_NAME)";
				SWIFT_EMIT_LOC_STRINGS = YES;
				SWIFT_VERSION = 5.0;
				TARGETED_DEVICE_FAMILY = "1,2";
			};
			name = Debug;
		};
		319977F32B457AC5001FF59E /* Release */ = {
			isa = XCBuildConfiguration;
			baseConfigurationReference = E9C7677D76C1BA22EDA92581 /* Pods-Testownik.release.xcconfig */;
			buildSettings = {
				ASSETCATALOG_COMPILER_APPICON_NAME = AppIcon;
				ASSETCATALOG_COMPILER_GLOBAL_ACCENT_COLOR_NAME = AccentColor;
				CODE_SIGN_STYLE = Automatic;
				CURRENT_PROJECT_VERSION = 1;
				GENERATE_INFOPLIST_FILE = YES;
				INFOPLIST_FILE = Testownik/Core/Info.plist;
				INFOPLIST_KEY_UIApplicationSupportsIndirectInputEvents = YES;
				INFOPLIST_KEY_UILaunchStoryboardName = LaunchScreen;
				INFOPLIST_KEY_UISupportedInterfaceOrientations = UIInterfaceOrientationPortrait;
				LD_RUNPATH_SEARCH_PATHS = (
					"$(inherited)",
					"@executable_path/Frameworks",
				);
				MARKETING_VERSION = 1.0;
				PRODUCT_BUNDLE_IDENTIFIER = com.szleszkowski.Testownik;
				PRODUCT_NAME = "$(TARGET_NAME)";
				SWIFT_EMIT_LOC_STRINGS = YES;
				SWIFT_VERSION = 5.0;
				TARGETED_DEVICE_FAMILY = "1,2";
			};
			name = Release;
		};
/* End XCBuildConfiguration section */

/* Begin XCConfigurationList section */
		319977D82B457AC4001FF59E /* Build configuration list for PBXProject "Testownik" */ = {
			isa = XCConfigurationList;
			buildConfigurations = (
				319977EF2B457AC5001FF59E /* Debug */,
				319977F02B457AC5001FF59E /* Release */,
			);
			defaultConfigurationIsVisible = 0;
			defaultConfigurationName = Release;
		};
		319977F12B457AC5001FF59E /* Build configuration list for PBXNativeTarget "Testownik" */ = {
			isa = XCConfigurationList;
			buildConfigurations = (
				319977F22B457AC5001FF59E /* Debug */,
				319977F32B457AC5001FF59E /* Release */,
			);
			defaultConfigurationIsVisible = 0;
			defaultConfigurationName = Release;
		};
/* End XCConfigurationList section */

/* Begin XCRemoteSwiftPackageReference section */
		319977F42B457FBF001FF59E /* XCRemoteSwiftPackageReference "SnapKit" */ = {
			isa = XCRemoteSwiftPackageReference;
			repositoryURL = "https://github.com/SnapKit/SnapKit.git";
			requirement = {
				kind = upToNextMajorVersion;
				minimumVersion = 5.0.0;
			};
		};
/* End XCRemoteSwiftPackageReference section */

/* Begin XCSwiftPackageProductDependency section */
		319977F52B457FBF001FF59E /* SnapKit */ = {
			isa = XCSwiftPackageProductDependency;
			package = 319977F42B457FBF001FF59E /* XCRemoteSwiftPackageReference "SnapKit" */;
			productName = SnapKit;
		};
/* End XCSwiftPackageProductDependency section */
	};
	rootObject = 319977D52B457AC4001FF59E /* Project object */;
}
