// !$*UTF8*$!
{
	archiveVersion = 1;
	classes = {
	};
	objectVersion = 56;
	objects = {

/* Begin PBXBuildFile section */
		26865EE0D674C8D97D613101 /* Pods_Testownik.framework in Frameworks */ = {isa = PBXBuildFile; fileRef = 88AA7D13F27EDD7727054BB5 /* Pods_Testownik.framework */; };
		3150AE0A2BA57BC700E9A64F /* ErrorPresenting.swift in Sources */ = {isa = PBXBuildFile; fileRef = 3150AE092BA57BC700E9A64F /* ErrorPresenting.swift */; };
		3150AE0C2BA615FC00E9A64F /* TestsResults.swift in Sources */ = {isa = PBXBuildFile; fileRef = 3150AE0B2BA615FC00E9A64F /* TestsResults.swift */; };
		3150AE0E2BA6222F00E9A64F /* TestsCollectionViewCellPresentable.swift in Sources */ = {isa = PBXBuildFile; fileRef = 3150AE0D2BA6222F00E9A64F /* TestsCollectionViewCellPresentable.swift */; };
		3150AE132BA664A600E9A64F /* TestsPresentables.swift in Sources */ = {isa = PBXBuildFile; fileRef = 3150AE122BA664A600E9A64F /* TestsPresentables.swift */; };
		3150AE1A2BA7C13100E9A64F /* QuestionParser.swift in Sources */ = {isa = PBXBuildFile; fileRef = 3150AE192BA7C13100E9A64F /* QuestionParser.swift */; };
		3150AE342BAB902E00E9A64F /* QuestionFilesWorker.swift in Sources */ = {isa = PBXBuildFile; fileRef = 3150AE332BAB902E00E9A64F /* QuestionFilesWorker.swift */; };
		3150AE3C2BAC993300E9A64F /* String+Extensions.swift in Sources */ = {isa = PBXBuildFile; fileRef = 3150AE3B2BAC993300E9A64F /* String+Extensions.swift */; };
		3150AE4F2BAECE3800E9A64F /* TestPresenter.swift in Sources */ = {isa = PBXBuildFile; fileRef = 3150AE4A2BAECE3800E9A64F /* TestPresenter.swift */; };
		3150AE502BAECE3800E9A64F /* TestRouter.swift in Sources */ = {isa = PBXBuildFile; fileRef = 3150AE4B2BAECE3800E9A64F /* TestRouter.swift */; };
		3150AE512BAECE3800E9A64F /* TestViewController.swift in Sources */ = {isa = PBXBuildFile; fileRef = 3150AE4C2BAECE3800E9A64F /* TestViewController.swift */; };
		3150AE522BAECE3800E9A64F /* TestBuilder.swift in Sources */ = {isa = PBXBuildFile; fileRef = 3150AE4D2BAECE3800E9A64F /* TestBuilder.swift */; };
		3150AE532BAECE3800E9A64F /* TestInteractor.swift in Sources */ = {isa = PBXBuildFile; fileRef = 3150AE4E2BAECE3800E9A64F /* TestInteractor.swift */; };
		3150AE562BAED70900E9A64F /* TestView.swift in Sources */ = {isa = PBXBuildFile; fileRef = 3150AE552BAED70900E9A64F /* TestView.swift */; };
		3150AE5A2BAEF02700E9A64F /* ProgressView.swift in Sources */ = {isa = PBXBuildFile; fileRef = 3150AE592BAEF02700E9A64F /* ProgressView.swift */; };
		3150AE5C2BAF61B100E9A64F /* ZoomImageView.swift in Sources */ = {isa = PBXBuildFile; fileRef = 3150AE5B2BAF61B100E9A64F /* ZoomImageView.swift */; };
		3150AE5E2BAFF98F00E9A64F /* ViewCodeProtocol.swift in Sources */ = {isa = PBXBuildFile; fileRef = 3150AE5D2BAFF98F00E9A64F /* ViewCodeProtocol.swift */; };
		3150AE622BAFFE2700E9A64F /* BaseCell.swift in Sources */ = {isa = PBXBuildFile; fileRef = 3150AE612BAFFE2700E9A64F /* BaseCell.swift */; };
		3150AE642BB01ECE00E9A64F /* TestContentView.swift in Sources */ = {isa = PBXBuildFile; fileRef = 3150AE632BB01ECE00E9A64F /* TestContentView.swift */; };
		3150AE662BB0359C00E9A64F /* DefaultButton.swift in Sources */ = {isa = PBXBuildFile; fileRef = 3150AE652BB0359C00E9A64F /* DefaultButton.swift */; };
		3150AE682BB0473700E9A64F /* AnswersCollectionView.swift in Sources */ = {isa = PBXBuildFile; fileRef = 3150AE672BB0473700E9A64F /* AnswersCollectionView.swift */; };
		3150AE6A2BB0500900E9A64F /* AnswerCell.swift in Sources */ = {isa = PBXBuildFile; fileRef = 3150AE692BB0500900E9A64F /* AnswerCell.swift */; };
		3150AE6C2BB052A300E9A64F /* AnswersCollectionViewDataSource.swift in Sources */ = {isa = PBXBuildFile; fileRef = 3150AE6B2BB052A300E9A64F /* AnswersCollectionViewDataSource.swift */; };
		3150AE722BB6BDF000E9A64F /* AnswerPresentable.swift in Sources */ = {isa = PBXBuildFile; fileRef = 3150AE712BB6BDF000E9A64F /* AnswerPresentable.swift */; };
		3150AE742BB6BDFB00E9A64F /* QuestionPresentable.swift in Sources */ = {isa = PBXBuildFile; fileRef = 3150AE732BB6BDFB00E9A64F /* QuestionPresentable.swift */; };
		3150AE762BB6EE6600E9A64F /* TestPresentable.swift in Sources */ = {isa = PBXBuildFile; fileRef = 3150AE752BB6EE6600E9A64F /* TestPresentable.swift */; };
		3150AE782BB6F02500E9A64F /* Collection+Extensions.swift in Sources */ = {isa = PBXBuildFile; fileRef = 3150AE772BB6F02500E9A64F /* Collection+Extensions.swift */; };
		319977E12B457AC4001FF59E /* AppDelegate.swift in Sources */ = {isa = PBXBuildFile; fileRef = 319977E02B457AC4001FF59E /* AppDelegate.swift */; };
		319977E32B457AC4001FF59E /* SceneDelegate.swift in Sources */ = {isa = PBXBuildFile; fileRef = 319977E22B457AC4001FF59E /* SceneDelegate.swift */; };
		319977EA2B457AC5001FF59E /* Assets.xcassets in Resources */ = {isa = PBXBuildFile; fileRef = 319977E92B457AC5001FF59E /* Assets.xcassets */; };
		319977F62B457FBF001FF59E /* SnapKit in Frameworks */ = {isa = PBXBuildFile; productRef = 319977F52B457FBF001FF59E /* SnapKit */; };
		3199780B2B4585EC001FF59E /* AnyObject+ScopeFunctions.swift in Sources */ = {isa = PBXBuildFile; fileRef = 3199780A2B4585EC001FF59E /* AnyObject+ScopeFunctions.swift */; };
		3199780E2B458A26001FF59E /* Localizable.strings in Resources */ = {isa = PBXBuildFile; fileRef = 3199780D2B458A26001FF59E /* Localizable.strings */; };
		319978132B458D37001FF59E /* Strings+Generated.swift in Sources */ = {isa = PBXBuildFile; fileRef = 319978112B458D37001FF59E /* Strings+Generated.swift */; };
		319978142B458D37001FF59E /* XCAssets+Generated.swift in Sources */ = {isa = PBXBuildFile; fileRef = 319978122B458D37001FF59E /* XCAssets+Generated.swift */; };
		319978162B458FA1001FF59E /* UIView+Extensions.swift in Sources */ = {isa = PBXBuildFile; fileRef = 319978152B458FA1001FF59E /* UIView+Extensions.swift */; };
		319978182B458FC3001FF59E /* UIStackView+Extensions.swift in Sources */ = {isa = PBXBuildFile; fileRef = 319978172B458FC3001FF59E /* UIStackView+Extensions.swift */; };
		3199781F2B45D18C001FF59E /* UILabel+Extensions.swift in Sources */ = {isa = PBXBuildFile; fileRef = 3199781E2B45D18C001FF59E /* UILabel+Extensions.swift */; };
		319978282B46E902001FF59E /* Test.swift in Sources */ = {isa = PBXBuildFile; fileRef = 319978272B46E902001FF59E /* Test.swift */; };
		3199782A2B46E95C001FF59E /* Question.swift in Sources */ = {isa = PBXBuildFile; fileRef = 319978292B46E95C001FF59E /* Question.swift */; };
		3199782C2B46EE6E001FF59E /* Answer.swift in Sources */ = {isa = PBXBuildFile; fileRef = 3199782B2B46EE6E001FF59E /* Answer.swift */; };
		319978392B475513001FF59E /* ReuseIdentifying.swift in Sources */ = {isa = PBXBuildFile; fileRef = 319978382B475513001FF59E /* ReuseIdentifying.swift */; };
		319978422B482298001FF59E /* AddTestPresenter.swift in Sources */ = {isa = PBXBuildFile; fileRef = 3199783D2B482298001FF59E /* AddTestPresenter.swift */; };
		319978432B482298001FF59E /* AddTestRouter.swift in Sources */ = {isa = PBXBuildFile; fileRef = 3199783E2B482298001FF59E /* AddTestRouter.swift */; };
		319978442B482298001FF59E /* AddTestViewController.swift in Sources */ = {isa = PBXBuildFile; fileRef = 3199783F2B482298001FF59E /* AddTestViewController.swift */; };
		319978452B482298001FF59E /* AddTestBuilder.swift in Sources */ = {isa = PBXBuildFile; fileRef = 319978402B482298001FF59E /* AddTestBuilder.swift */; };
		319978462B482298001FF59E /* AddTestInteractor.swift in Sources */ = {isa = PBXBuildFile; fileRef = 319978412B482298001FF59E /* AddTestInteractor.swift */; };
		319978492B4822B9001FF59E /* AddTestView.swift in Sources */ = {isa = PBXBuildFile; fileRef = 319978482B4822B9001FF59E /* AddTestView.swift */; };
		3199784B2B482DD2001FF59E /* Constants.swift in Sources */ = {isa = PBXBuildFile; fileRef = 3199784A2B482DD2001FF59E /* Constants.swift */; };
		3199784F2B4DB18B001FF59E /* BarButton.swift in Sources */ = {isa = PBXBuildFile; fileRef = 3199784E2B4DB18B001FF59E /* BarButton.swift */; };
		319978582B4DE880001FF59E /* MCEmojiPicker in Frameworks */ = {isa = PBXBuildFile; productRef = 319978572B4DE880001FF59E /* MCEmojiPicker */; };
		3199785F2B4F4237001FF59E /* UIViewController+Extensions.swift in Sources */ = {isa = PBXBuildFile; fileRef = 3199785E2B4F4237001FF59E /* UIViewController+Extensions.swift */; };
		319978612B52AF53001FF59E /* AddFolderButton.swift in Sources */ = {isa = PBXBuildFile; fileRef = 319978602B52AF53001FF59E /* AddFolderButton.swift */; };
		319978642B52EA48001FF59E /* SPIndicator in Frameworks */ = {isa = PBXBuildFile; productRef = 319978632B52EA48001FF59E /* SPIndicator */; };
		319978692B532315001FF59E /* ImageFilesWorker.swift in Sources */ = {isa = PBXBuildFile; fileRef = 319978682B532315001FF59E /* ImageFilesWorker.swift */; };
		3199786C2B548BEE001FF59E /* FileError.swift in Sources */ = {isa = PBXBuildFile; fileRef = 3199786B2B548BEE001FF59E /* FileError.swift */; };
		31C0BEDD2BA3662E002B64D9 /* Realm in Frameworks */ = {isa = PBXBuildFile; productRef = 31C0BEDC2BA3662E002B64D9 /* Realm */; };
		31C0BEDF2BA3662E002B64D9 /* RealmSwift in Frameworks */ = {isa = PBXBuildFile; productRef = 31C0BEDE2BA3662E002B64D9 /* RealmSwift */; };
		31C0BEE12BA3862A002B64D9 /* DatabaseWorker.swift in Sources */ = {isa = PBXBuildFile; fileRef = 31C0BEE02BA3862A002B64D9 /* DatabaseWorker.swift */; };
		31C4C9A22BA4C99600A6C6AE /* TestsCollectionView.swift in Sources */ = {isa = PBXBuildFile; fileRef = 31C4C9962BA4C99600A6C6AE /* TestsCollectionView.swift */; };
		31C4C9A32BA4C99600A6C6AE /* TestsCollectionViewAdditionCell.swift in Sources */ = {isa = PBXBuildFile; fileRef = 31C4C9972BA4C99600A6C6AE /* TestsCollectionViewAdditionCell.swift */; };
		31C4C9A42BA4C99600A6C6AE /* TestsCollectionViewCell.swift in Sources */ = {isa = PBXBuildFile; fileRef = 31C4C9982BA4C99600A6C6AE /* TestsCollectionViewCell.swift */; };
		31C4C9A52BA4C99600A6C6AE /* TestsView.swift in Sources */ = {isa = PBXBuildFile; fileRef = 31C4C9992BA4C99600A6C6AE /* TestsView.swift */; };
		31C4C9A62BA4C99600A6C6AE /* TestsBuilder.swift in Sources */ = {isa = PBXBuildFile; fileRef = 31C4C99B2BA4C99600A6C6AE /* TestsBuilder.swift */; };
		31C4C9A72BA4C99600A6C6AE /* TestsCollectionViewDataSource.swift in Sources */ = {isa = PBXBuildFile; fileRef = 31C4C99C2BA4C99600A6C6AE /* TestsCollectionViewDataSource.swift */; };
		31C4C9A82BA4C99600A6C6AE /* TestsInteractor.swift in Sources */ = {isa = PBXBuildFile; fileRef = 31C4C99D2BA4C99600A6C6AE /* TestsInteractor.swift */; };
		31C4C9A92BA4C99600A6C6AE /* TestsPresenter.swift in Sources */ = {isa = PBXBuildFile; fileRef = 31C4C99E2BA4C99600A6C6AE /* TestsPresenter.swift */; };
		31C4C9AA2BA4C99600A6C6AE /* TestsRouter.swift in Sources */ = {isa = PBXBuildFile; fileRef = 31C4C99F2BA4C99600A6C6AE /* TestsRouter.swift */; };
		31C4C9AB2BA4C99600A6C6AE /* TestsViewController.swift in Sources */ = {isa = PBXBuildFile; fileRef = 31C4C9A02BA4C99600A6C6AE /* TestsViewController.swift */; };
/* End PBXBuildFile section */

/* Begin PBXFileReference section */
		3150AE092BA57BC700E9A64F /* ErrorPresenting.swift */ = {isa = PBXFileReference; lastKnownFileType = sourcecode.swift; path = ErrorPresenting.swift; sourceTree = "<group>"; };
		3150AE0B2BA615FC00E9A64F /* TestsResults.swift */ = {isa = PBXFileReference; lastKnownFileType = sourcecode.swift; path = TestsResults.swift; sourceTree = "<group>"; };
		3150AE0D2BA6222F00E9A64F /* TestsCollectionViewCellPresentable.swift */ = {isa = PBXFileReference; lastKnownFileType = sourcecode.swift; path = TestsCollectionViewCellPresentable.swift; sourceTree = "<group>"; };
		3150AE122BA664A600E9A64F /* TestsPresentables.swift */ = {isa = PBXFileReference; lastKnownFileType = sourcecode.swift; path = TestsPresentables.swift; sourceTree = "<group>"; };
		3150AE192BA7C13100E9A64F /* QuestionParser.swift */ = {isa = PBXFileReference; lastKnownFileType = sourcecode.swift; path = QuestionParser.swift; sourceTree = "<group>"; };
		3150AE332BAB902E00E9A64F /* QuestionFilesWorker.swift */ = {isa = PBXFileReference; lastKnownFileType = sourcecode.swift; path = QuestionFilesWorker.swift; sourceTree = "<group>"; };
		3150AE3B2BAC993300E9A64F /* String+Extensions.swift */ = {isa = PBXFileReference; lastKnownFileType = sourcecode.swift; path = "String+Extensions.swift"; sourceTree = "<group>"; };
		3150AE4A2BAECE3800E9A64F /* TestPresenter.swift */ = {isa = PBXFileReference; lastKnownFileType = sourcecode.swift; path = TestPresenter.swift; sourceTree = "<group>"; };
		3150AE4B2BAECE3800E9A64F /* TestRouter.swift */ = {isa = PBXFileReference; lastKnownFileType = sourcecode.swift; path = TestRouter.swift; sourceTree = "<group>"; };
		3150AE4C2BAECE3800E9A64F /* TestViewController.swift */ = {isa = PBXFileReference; lastKnownFileType = sourcecode.swift; path = TestViewController.swift; sourceTree = "<group>"; };
		3150AE4D2BAECE3800E9A64F /* TestBuilder.swift */ = {isa = PBXFileReference; lastKnownFileType = sourcecode.swift; path = TestBuilder.swift; sourceTree = "<group>"; };
		3150AE4E2BAECE3800E9A64F /* TestInteractor.swift */ = {isa = PBXFileReference; lastKnownFileType = sourcecode.swift; path = TestInteractor.swift; sourceTree = "<group>"; };
		3150AE552BAED70900E9A64F /* TestView.swift */ = {isa = PBXFileReference; lastKnownFileType = sourcecode.swift; path = TestView.swift; sourceTree = "<group>"; };
		3150AE592BAEF02700E9A64F /* ProgressView.swift */ = {isa = PBXFileReference; lastKnownFileType = sourcecode.swift; path = ProgressView.swift; sourceTree = "<group>"; };
		3150AE5B2BAF61B100E9A64F /* ZoomImageView.swift */ = {isa = PBXFileReference; lastKnownFileType = sourcecode.swift; path = ZoomImageView.swift; sourceTree = "<group>"; };
		3150AE5D2BAFF98F00E9A64F /* ViewCodeProtocol.swift */ = {isa = PBXFileReference; lastKnownFileType = sourcecode.swift; path = ViewCodeProtocol.swift; sourceTree = "<group>"; };
		3150AE612BAFFE2700E9A64F /* BaseCell.swift */ = {isa = PBXFileReference; fileEncoding = 4; lastKnownFileType = sourcecode.swift; path = BaseCell.swift; sourceTree = "<group>"; };
		3150AE632BB01ECE00E9A64F /* TestContentView.swift */ = {isa = PBXFileReference; lastKnownFileType = sourcecode.swift; path = TestContentView.swift; sourceTree = "<group>"; };
		3150AE652BB0359C00E9A64F /* DefaultButton.swift */ = {isa = PBXFileReference; lastKnownFileType = sourcecode.swift; path = DefaultButton.swift; sourceTree = "<group>"; };
		3150AE672BB0473700E9A64F /* AnswersCollectionView.swift */ = {isa = PBXFileReference; lastKnownFileType = sourcecode.swift; path = AnswersCollectionView.swift; sourceTree = "<group>"; };
		3150AE692BB0500900E9A64F /* AnswerCell.swift */ = {isa = PBXFileReference; lastKnownFileType = sourcecode.swift; path = AnswerCell.swift; sourceTree = "<group>"; };
		3150AE6B2BB052A300E9A64F /* AnswersCollectionViewDataSource.swift */ = {isa = PBXFileReference; lastKnownFileType = sourcecode.swift; path = AnswersCollectionViewDataSource.swift; sourceTree = "<group>"; };
		3150AE712BB6BDF000E9A64F /* AnswerPresentable.swift */ = {isa = PBXFileReference; lastKnownFileType = sourcecode.swift; path = AnswerPresentable.swift; sourceTree = "<group>"; };
		3150AE732BB6BDFB00E9A64F /* QuestionPresentable.swift */ = {isa = PBXFileReference; lastKnownFileType = sourcecode.swift; path = QuestionPresentable.swift; sourceTree = "<group>"; };
		3150AE752BB6EE6600E9A64F /* TestPresentable.swift */ = {isa = PBXFileReference; lastKnownFileType = sourcecode.swift; path = TestPresentable.swift; sourceTree = "<group>"; };
		3150AE772BB6F02500E9A64F /* Collection+Extensions.swift */ = {isa = PBXFileReference; lastKnownFileType = sourcecode.swift; path = "Collection+Extensions.swift"; sourceTree = "<group>"; };
		319977DD2B457AC4001FF59E /* Testownik.app */ = {isa = PBXFileReference; explicitFileType = wrapper.application; includeInIndex = 0; path = Testownik.app; sourceTree = BUILT_PRODUCTS_DIR; };
		319977E02B457AC4001FF59E /* AppDelegate.swift */ = {isa = PBXFileReference; lastKnownFileType = sourcecode.swift; path = AppDelegate.swift; sourceTree = "<group>"; };
		319977E22B457AC4001FF59E /* SceneDelegate.swift */ = {isa = PBXFileReference; lastKnownFileType = sourcecode.swift; path = SceneDelegate.swift; sourceTree = "<group>"; };
		319977E92B457AC5001FF59E /* Assets.xcassets */ = {isa = PBXFileReference; lastKnownFileType = folder.assetcatalog; path = Assets.xcassets; sourceTree = "<group>"; };
		319977EE2B457AC5001FF59E /* Info.plist */ = {isa = PBXFileReference; lastKnownFileType = text.plist.xml; name = Info.plist; path = Testownik/Core/Info.plist; sourceTree = SOURCE_ROOT; };
		3199780A2B4585EC001FF59E /* AnyObject+ScopeFunctions.swift */ = {isa = PBXFileReference; lastKnownFileType = sourcecode.swift; path = "AnyObject+ScopeFunctions.swift"; sourceTree = "<group>"; };
		3199780D2B458A26001FF59E /* Localizable.strings */ = {isa = PBXFileReference; lastKnownFileType = text.plist.strings; path = Localizable.strings; sourceTree = "<group>"; };
		319978112B458D37001FF59E /* Strings+Generated.swift */ = {isa = PBXFileReference; fileEncoding = 4; lastKnownFileType = sourcecode.swift; path = "Strings+Generated.swift"; sourceTree = "<group>"; };
		319978122B458D37001FF59E /* XCAssets+Generated.swift */ = {isa = PBXFileReference; fileEncoding = 4; lastKnownFileType = sourcecode.swift; path = "XCAssets+Generated.swift"; sourceTree = "<group>"; };
		319978152B458FA1001FF59E /* UIView+Extensions.swift */ = {isa = PBXFileReference; lastKnownFileType = sourcecode.swift; path = "UIView+Extensions.swift"; sourceTree = "<group>"; };
		319978172B458FC3001FF59E /* UIStackView+Extensions.swift */ = {isa = PBXFileReference; lastKnownFileType = sourcecode.swift; path = "UIStackView+Extensions.swift"; sourceTree = "<group>"; };
		3199781E2B45D18C001FF59E /* UILabel+Extensions.swift */ = {isa = PBXFileReference; lastKnownFileType = sourcecode.swift; path = "UILabel+Extensions.swift"; sourceTree = "<group>"; };
		319978272B46E902001FF59E /* Test.swift */ = {isa = PBXFileReference; lastKnownFileType = sourcecode.swift; path = Test.swift; sourceTree = "<group>"; };
		319978292B46E95C001FF59E /* Question.swift */ = {isa = PBXFileReference; lastKnownFileType = sourcecode.swift; path = Question.swift; sourceTree = "<group>"; };
		3199782B2B46EE6E001FF59E /* Answer.swift */ = {isa = PBXFileReference; lastKnownFileType = sourcecode.swift; path = Answer.swift; sourceTree = "<group>"; };
		319978382B475513001FF59E /* ReuseIdentifying.swift */ = {isa = PBXFileReference; lastKnownFileType = sourcecode.swift; path = ReuseIdentifying.swift; sourceTree = "<group>"; };
		3199783D2B482298001FF59E /* AddTestPresenter.swift */ = {isa = PBXFileReference; lastKnownFileType = sourcecode.swift; path = AddTestPresenter.swift; sourceTree = "<group>"; };
		3199783E2B482298001FF59E /* AddTestRouter.swift */ = {isa = PBXFileReference; lastKnownFileType = sourcecode.swift; path = AddTestRouter.swift; sourceTree = "<group>"; };
		3199783F2B482298001FF59E /* AddTestViewController.swift */ = {isa = PBXFileReference; lastKnownFileType = sourcecode.swift; path = AddTestViewController.swift; sourceTree = "<group>"; };
		319978402B482298001FF59E /* AddTestBuilder.swift */ = {isa = PBXFileReference; lastKnownFileType = sourcecode.swift; path = AddTestBuilder.swift; sourceTree = "<group>"; };
		319978412B482298001FF59E /* AddTestInteractor.swift */ = {isa = PBXFileReference; lastKnownFileType = sourcecode.swift; path = AddTestInteractor.swift; sourceTree = "<group>"; };
		319978482B4822B9001FF59E /* AddTestView.swift */ = {isa = PBXFileReference; lastKnownFileType = sourcecode.swift; path = AddTestView.swift; sourceTree = "<group>"; };
		3199784A2B482DD2001FF59E /* Constants.swift */ = {isa = PBXFileReference; lastKnownFileType = sourcecode.swift; path = Constants.swift; sourceTree = "<group>"; };
		3199784E2B4DB18B001FF59E /* BarButton.swift */ = {isa = PBXFileReference; lastKnownFileType = sourcecode.swift; path = BarButton.swift; sourceTree = "<group>"; };
		3199785E2B4F4237001FF59E /* UIViewController+Extensions.swift */ = {isa = PBXFileReference; lastKnownFileType = sourcecode.swift; path = "UIViewController+Extensions.swift"; sourceTree = "<group>"; };
		319978602B52AF53001FF59E /* AddFolderButton.swift */ = {isa = PBXFileReference; lastKnownFileType = sourcecode.swift; path = AddFolderButton.swift; sourceTree = "<group>"; };
		319978682B532315001FF59E /* ImageFilesWorker.swift */ = {isa = PBXFileReference; lastKnownFileType = sourcecode.swift; path = ImageFilesWorker.swift; sourceTree = "<group>"; };
		3199786B2B548BEE001FF59E /* FileError.swift */ = {isa = PBXFileReference; lastKnownFileType = sourcecode.swift; path = FileError.swift; sourceTree = "<group>"; };
		31C0BEE02BA3862A002B64D9 /* DatabaseWorker.swift */ = {isa = PBXFileReference; lastKnownFileType = sourcecode.swift; path = DatabaseWorker.swift; sourceTree = "<group>"; };
		31C4C9962BA4C99600A6C6AE /* TestsCollectionView.swift */ = {isa = PBXFileReference; fileEncoding = 4; lastKnownFileType = sourcecode.swift; path = TestsCollectionView.swift; sourceTree = "<group>"; };
		31C4C9972BA4C99600A6C6AE /* TestsCollectionViewAdditionCell.swift */ = {isa = PBXFileReference; fileEncoding = 4; lastKnownFileType = sourcecode.swift; path = TestsCollectionViewAdditionCell.swift; sourceTree = "<group>"; };
		31C4C9982BA4C99600A6C6AE /* TestsCollectionViewCell.swift */ = {isa = PBXFileReference; fileEncoding = 4; lastKnownFileType = sourcecode.swift; path = TestsCollectionViewCell.swift; sourceTree = "<group>"; };
		31C4C9992BA4C99600A6C6AE /* TestsView.swift */ = {isa = PBXFileReference; fileEncoding = 4; lastKnownFileType = sourcecode.swift; path = TestsView.swift; sourceTree = "<group>"; };
		31C4C99B2BA4C99600A6C6AE /* TestsBuilder.swift */ = {isa = PBXFileReference; fileEncoding = 4; lastKnownFileType = sourcecode.swift; path = TestsBuilder.swift; sourceTree = "<group>"; };
		31C4C99C2BA4C99600A6C6AE /* TestsCollectionViewDataSource.swift */ = {isa = PBXFileReference; fileEncoding = 4; lastKnownFileType = sourcecode.swift; path = TestsCollectionViewDataSource.swift; sourceTree = "<group>"; };
		31C4C99D2BA4C99600A6C6AE /* TestsInteractor.swift */ = {isa = PBXFileReference; fileEncoding = 4; lastKnownFileType = sourcecode.swift; path = TestsInteractor.swift; sourceTree = "<group>"; };
		31C4C99E2BA4C99600A6C6AE /* TestsPresenter.swift */ = {isa = PBXFileReference; fileEncoding = 4; lastKnownFileType = sourcecode.swift; path = TestsPresenter.swift; sourceTree = "<group>"; };
		31C4C99F2BA4C99600A6C6AE /* TestsRouter.swift */ = {isa = PBXFileReference; fileEncoding = 4; lastKnownFileType = sourcecode.swift; path = TestsRouter.swift; sourceTree = "<group>"; };
		31C4C9A02BA4C99600A6C6AE /* TestsViewController.swift */ = {isa = PBXFileReference; fileEncoding = 4; lastKnownFileType = sourcecode.swift; path = TestsViewController.swift; sourceTree = "<group>"; };
		64A51D17C8CFC3EC2455197D /* Pods-Testownik.release.xcconfig */ = {isa = PBXFileReference; includeInIndex = 1; lastKnownFileType = text.xcconfig; name = "Pods-Testownik.release.xcconfig"; path = "Target Support Files/Pods-Testownik/Pods-Testownik.release.xcconfig"; sourceTree = "<group>"; };
		88AA7D13F27EDD7727054BB5 /* Pods_Testownik.framework */ = {isa = PBXFileReference; explicitFileType = wrapper.framework; includeInIndex = 0; path = Pods_Testownik.framework; sourceTree = BUILT_PRODUCTS_DIR; };
		C2A2C802B5509AD30245F97A /* Pods-Testownik.debug.xcconfig */ = {isa = PBXFileReference; includeInIndex = 1; lastKnownFileType = text.xcconfig; name = "Pods-Testownik.debug.xcconfig"; path = "Target Support Files/Pods-Testownik/Pods-Testownik.debug.xcconfig"; sourceTree = "<group>"; };
/* End PBXFileReference section */

/* Begin PBXFrameworksBuildPhase section */
		319977DA2B457AC4001FF59E /* Frameworks */ = {
			isa = PBXFrameworksBuildPhase;
			buildActionMask = 2147483647;
			files = (
				31C0BEDF2BA3662E002B64D9 /* RealmSwift in Frameworks */,
				319977F62B457FBF001FF59E /* SnapKit in Frameworks */,
				319978582B4DE880001FF59E /* MCEmojiPicker in Frameworks */,
				319978642B52EA48001FF59E /* SPIndicator in Frameworks */,
				31C0BEDD2BA3662E002B64D9 /* Realm in Frameworks */,
				26865EE0D674C8D97D613101 /* Pods_Testownik.framework in Frameworks */,
			);
			runOnlyForDeploymentPostprocessing = 0;
		};
/* End PBXFrameworksBuildPhase section */

/* Begin PBXGroup section */
		3150AE0F2BA6227F00E9A64F /* Models */ = {
			isa = PBXGroup;
			children = (
				3150AE0B2BA615FC00E9A64F /* TestsResults.swift */,
				3150AE0D2BA6222F00E9A64F /* TestsCollectionViewCellPresentable.swift */,
				3150AE122BA664A600E9A64F /* TestsPresentables.swift */,
			);
			path = Models;
			sourceTree = "<group>";
		};
		3150AE182BA7C11000E9A64F /* Utils */ = {
			isa = PBXGroup;
			children = (
				3150AE192BA7C13100E9A64F /* QuestionParser.swift */,
			);
			path = Utils;
			sourceTree = "<group>";
		};
		3150AE492BAECE2D00E9A64F /* Test */ = {
			isa = PBXGroup;
			children = (
				3150AE702BB6BDC300E9A64F /* Models */,
				3150AE542BAED6F700E9A64F /* Views */,
				3150AE4A2BAECE3800E9A64F /* TestPresenter.swift */,
				3150AE4B2BAECE3800E9A64F /* TestRouter.swift */,
				3150AE4C2BAECE3800E9A64F /* TestViewController.swift */,
				3150AE4D2BAECE3800E9A64F /* TestBuilder.swift */,
				3150AE4E2BAECE3800E9A64F /* TestInteractor.swift */,
				3150AE6B2BB052A300E9A64F /* AnswersCollectionViewDataSource.swift */,
			);
			path = Test;
			sourceTree = "<group>";
		};
		3150AE542BAED6F700E9A64F /* Views */ = {
			isa = PBXGroup;
			children = (
				3150AE552BAED70900E9A64F /* TestView.swift */,
				3150AE672BB0473700E9A64F /* AnswersCollectionView.swift */,
				3150AE692BB0500900E9A64F /* AnswerCell.swift */,
			);
			path = Views;
			sourceTree = "<group>";
		};
		3150AE702BB6BDC300E9A64F /* Models */ = {
			isa = PBXGroup;
			children = (
				3150AE712BB6BDF000E9A64F /* AnswerPresentable.swift */,
				3150AE732BB6BDFB00E9A64F /* QuestionPresentable.swift */,
				3150AE752BB6EE6600E9A64F /* TestPresentable.swift */,
			);
			path = Models;
			sourceTree = "<group>";
		};
		319977D42B457AC4001FF59E = {
			isa = PBXGroup;
			children = (
				319977DF2B457AC4001FF59E /* Testownik */,
				319977DE2B457AC4001FF59E /* Products */,
				A3EFD1DEC1626CBFB1D57FF3 /* Pods */,
				F8CB07917D813CF2A6B4D469 /* Frameworks */,
			);
			sourceTree = "<group>";
		};
		319977DE2B457AC4001FF59E /* Products */ = {
			isa = PBXGroup;
			children = (
				319977DD2B457AC4001FF59E /* Testownik.app */,
			);
			name = Products;
			sourceTree = "<group>";
		};
		319977DF2B457AC4001FF59E /* Testownik */ = {
			isa = PBXGroup;
			children = (
				3199780C2B45895A001FF59E /* Assets */,
				319978052B4582F3001FF59E /* Base */,
				319978202B45DBA2001FF59E /* Core */,
				3199786A2B548BC7001FF59E /* Errors */,
				319978092B4585DC001FF59E /* Extensions */,
				319978102B458D11001FF59E /* Generated */,
				319978242B46E3A0001FF59E /* Models */,
				3199782F2B46F0A6001FF59E /* Protocols */,
				319977F72B458234001FF59E /* Screens */,
				3150AE182BA7C11000E9A64F /* Utils */,
				319978192B4595B6001FF59E /* Views */,
				319978652B5322D3001FF59E /* Workers */,
			);
			path = Testownik;
			sourceTree = "<group>";
		};
		319977F72B458234001FF59E /* Screens */ = {
			isa = PBXGroup;
			children = (
				3150AE492BAECE2D00E9A64F /* Test */,
				31C4C9A12BA4C99600A6C6AE /* Tests */,
				3199783C2B482280001FF59E /* Add Test */,
			);
			path = Screens;
			sourceTree = "<group>";
		};
		319978052B4582F3001FF59E /* Base */ = {
			isa = PBXGroup;
			children = (
				3150AE612BAFFE2700E9A64F /* BaseCell.swift */,
			);
			path = Base;
			sourceTree = "<group>";
		};
		319978092B4585DC001FF59E /* Extensions */ = {
			isa = PBXGroup;
			children = (
				3199780A2B4585EC001FF59E /* AnyObject+ScopeFunctions.swift */,
				319978152B458FA1001FF59E /* UIView+Extensions.swift */,
				319978172B458FC3001FF59E /* UIStackView+Extensions.swift */,
				3199781E2B45D18C001FF59E /* UILabel+Extensions.swift */,
				3199785E2B4F4237001FF59E /* UIViewController+Extensions.swift */,
				3150AE3B2BAC993300E9A64F /* String+Extensions.swift */,
				3150AE772BB6F02500E9A64F /* Collection+Extensions.swift */,
			);
			path = Extensions;
			sourceTree = "<group>";
		};
		3199780C2B45895A001FF59E /* Assets */ = {
			isa = PBXGroup;
			children = (
				319977E92B457AC5001FF59E /* Assets.xcassets */,
				3199780D2B458A26001FF59E /* Localizable.strings */,
				3199784A2B482DD2001FF59E /* Constants.swift */,
			);
			path = Assets;
			sourceTree = "<group>";
		};
		319978102B458D11001FF59E /* Generated */ = {
			isa = PBXGroup;
			children = (
				319978112B458D37001FF59E /* Strings+Generated.swift */,
				319978122B458D37001FF59E /* XCAssets+Generated.swift */,
			);
			path = Generated;
			sourceTree = "<group>";
		};
		319978192B4595B6001FF59E /* Views */ = {
			isa = PBXGroup;
			children = (
				3199784E2B4DB18B001FF59E /* BarButton.swift */,
				319978602B52AF53001FF59E /* AddFolderButton.swift */,
				3150AE592BAEF02700E9A64F /* ProgressView.swift */,
				3150AE5B2BAF61B100E9A64F /* ZoomImageView.swift */,
				3150AE632BB01ECE00E9A64F /* TestContentView.swift */,
				3150AE652BB0359C00E9A64F /* DefaultButton.swift */,
			);
			path = Views;
			sourceTree = "<group>";
		};
		319978202B45DBA2001FF59E /* Core */ = {
			isa = PBXGroup;
			children = (
				319977E02B457AC4001FF59E /* AppDelegate.swift */,
				319977E22B457AC4001FF59E /* SceneDelegate.swift */,
				319977EE2B457AC5001FF59E /* Info.plist */,
			);
			path = Core;
			sourceTree = "<group>";
		};
		319978242B46E3A0001FF59E /* Models */ = {
			isa = PBXGroup;
			children = (
				319978272B46E902001FF59E /* Test.swift */,
				319978292B46E95C001FF59E /* Question.swift */,
				3199782B2B46EE6E001FF59E /* Answer.swift */,
			);
			path = Models;
			sourceTree = "<group>";
		};
		3199782F2B46F0A6001FF59E /* Protocols */ = {
			isa = PBXGroup;
			children = (
				319978382B475513001FF59E /* ReuseIdentifying.swift */,
				3150AE092BA57BC700E9A64F /* ErrorPresenting.swift */,
				3150AE5D2BAFF98F00E9A64F /* ViewCodeProtocol.swift */,
			);
			path = Protocols;
			sourceTree = "<group>";
		};
		3199783C2B482280001FF59E /* Add Test */ = {
			isa = PBXGroup;
			children = (
				319978472B4822A6001FF59E /* Views */,
				3199783D2B482298001FF59E /* AddTestPresenter.swift */,
				3199783E2B482298001FF59E /* AddTestRouter.swift */,
				3199783F2B482298001FF59E /* AddTestViewController.swift */,
				319978402B482298001FF59E /* AddTestBuilder.swift */,
				319978412B482298001FF59E /* AddTestInteractor.swift */,
			);
			path = "Add Test";
			sourceTree = "<group>";
		};
		319978472B4822A6001FF59E /* Views */ = {
			isa = PBXGroup;
			children = (
				319978482B4822B9001FF59E /* AddTestView.swift */,
			);
			path = Views;
			sourceTree = "<group>";
		};
		319978652B5322D3001FF59E /* Workers */ = {
			isa = PBXGroup;
			children = (
				319978682B532315001FF59E /* ImageFilesWorker.swift */,
				31C0BEE02BA3862A002B64D9 /* DatabaseWorker.swift */,
				3150AE332BAB902E00E9A64F /* QuestionFilesWorker.swift */,
			);
			path = Workers;
			sourceTree = "<group>";
		};
		3199786A2B548BC7001FF59E /* Errors */ = {
			isa = PBXGroup;
			children = (
				3199786B2B548BEE001FF59E /* FileError.swift */,
			);
			path = Errors;
			sourceTree = "<group>";
		};
		31C4C99A2BA4C99600A6C6AE /* Views */ = {
			isa = PBXGroup;
			children = (
				31C4C9962BA4C99600A6C6AE /* TestsCollectionView.swift */,
				31C4C9972BA4C99600A6C6AE /* TestsCollectionViewAdditionCell.swift */,
				31C4C9982BA4C99600A6C6AE /* TestsCollectionViewCell.swift */,
				31C4C9992BA4C99600A6C6AE /* TestsView.swift */,
			);
			path = Views;
			sourceTree = "<group>";
		};
		31C4C9A12BA4C99600A6C6AE /* Tests */ = {
			isa = PBXGroup;
			children = (
				3150AE0F2BA6227F00E9A64F /* Models */,
				31C4C99A2BA4C99600A6C6AE /* Views */,
				31C4C99B2BA4C99600A6C6AE /* TestsBuilder.swift */,
				31C4C99C2BA4C99600A6C6AE /* TestsCollectionViewDataSource.swift */,
				31C4C99D2BA4C99600A6C6AE /* TestsInteractor.swift */,
				31C4C99E2BA4C99600A6C6AE /* TestsPresenter.swift */,
				31C4C99F2BA4C99600A6C6AE /* TestsRouter.swift */,
				31C4C9A02BA4C99600A6C6AE /* TestsViewController.swift */,
			);
			path = Tests;
			sourceTree = "<group>";
		};
		A3EFD1DEC1626CBFB1D57FF3 /* Pods */ = {
			isa = PBXGroup;
			children = (
				C2A2C802B5509AD30245F97A /* Pods-Testownik.debug.xcconfig */,
				64A51D17C8CFC3EC2455197D /* Pods-Testownik.release.xcconfig */,
			);
			path = Pods;
			sourceTree = "<group>";
		};
		F8CB07917D813CF2A6B4D469 /* Frameworks */ = {
			isa = PBXGroup;
			children = (
				88AA7D13F27EDD7727054BB5 /* Pods_Testownik.framework */,
			);
			name = Frameworks;
			sourceTree = "<group>";
		};
/* End PBXGroup section */

/* Begin PBXNativeTarget section */
		319977DC2B457AC4001FF59E /* Testownik */ = {
			isa = PBXNativeTarget;
			buildConfigurationList = 319977F12B457AC5001FF59E /* Build configuration list for PBXNativeTarget "Testownik" */;
			buildPhases = (
				68DE2CBC98A6C8F6B841C2BD /* [CP] Check Pods Manifest.lock */,
				3199780F2B458B25001FF59E /* Swiftgen */,
				319977D92B457AC4001FF59E /* Sources */,
				319977DA2B457AC4001FF59E /* Frameworks */,
				319977DB2B457AC4001FF59E /* Resources */,
			);
			buildRules = (
			);
			dependencies = (
			);
			name = Testownik;
			packageProductDependencies = (
				319977F52B457FBF001FF59E /* SnapKit */,
				319978572B4DE880001FF59E /* MCEmojiPicker */,
				319978632B52EA48001FF59E /* SPIndicator */,
				31C0BEDC2BA3662E002B64D9 /* Realm */,
				31C0BEDE2BA3662E002B64D9 /* RealmSwift */,
			);
			productName = Testownik;
			productReference = 319977DD2B457AC4001FF59E /* Testownik.app */;
			productType = "com.apple.product-type.application";
		};
/* End PBXNativeTarget section */

/* Begin PBXProject section */
		319977D52B457AC4001FF59E /* Project object */ = {
			isa = PBXProject;
			attributes = {
				BuildIndependentTargetsInParallel = 1;
				LastSwiftUpdateCheck = 1430;
				LastUpgradeCheck = 1430;
				TargetAttributes = {
					319977DC2B457AC4001FF59E = {
						CreatedOnToolsVersion = 14.3.1;
					};
				};
			};
			buildConfigurationList = 319977D82B457AC4001FF59E /* Build configuration list for PBXProject "Testownik" */;
			compatibilityVersion = "Xcode 14.0";
			developmentRegion = pl;
			hasScannedForEncodings = 0;
			knownRegions = (
				Base,
				pl,
			);
			mainGroup = 319977D42B457AC4001FF59E;
			packageReferences = (
				319977F42B457FBF001FF59E /* XCRemoteSwiftPackageReference "SnapKit" */,
				319978562B4DE880001FF59E /* XCRemoteSwiftPackageReference "MCEmojiPicker" */,
				319978622B52EA48001FF59E /* XCRemoteSwiftPackageReference "SPIndicator" */,
				31C0BEDB2BA3662E002B64D9 /* XCRemoteSwiftPackageReference "realm-swift" */,
			);
			productRefGroup = 319977DE2B457AC4001FF59E /* Products */;
			projectDirPath = "";
			projectRoot = "";
			targets = (
				319977DC2B457AC4001FF59E /* Testownik */,
			);
		};
/* End PBXProject section */

/* Begin PBXResourcesBuildPhase section */
		319977DB2B457AC4001FF59E /* Resources */ = {
			isa = PBXResourcesBuildPhase;
			buildActionMask = 2147483647;
			files = (
				319977EA2B457AC5001FF59E /* Assets.xcassets in Resources */,
				3199780E2B458A26001FF59E /* Localizable.strings in Resources */,
			);
			runOnlyForDeploymentPostprocessing = 0;
		};
/* End PBXResourcesBuildPhase section */

/* Begin PBXShellScriptBuildPhase section */
		3199780F2B458B25001FF59E /* Swiftgen */ = {
			isa = PBXShellScriptBuildPhase;
			buildActionMask = 2147483647;
			files = (
			);
			inputFileListPaths = (
			);
			inputPaths = (
			);
			name = Swiftgen;
			outputFileListPaths = (
			);
			outputPaths = (
			);
			runOnlyForDeploymentPostprocessing = 0;
			shellPath = /bin/sh;
			shellScript = "if [[ -f \"${PODS_ROOT}/SwiftGen/bin/swiftgen\" ]]; then\n  \"${PODS_ROOT}/SwiftGen/bin/swiftgen\"\nelse\n  echo \"warning: SwiftGen is not installed. Run 'pod install --repo-update' to install it.\"\nfi\n";
		};
		68DE2CBC98A6C8F6B841C2BD /* [CP] Check Pods Manifest.lock */ = {
			isa = PBXShellScriptBuildPhase;
			buildActionMask = 2147483647;
			files = (
			);
			inputFileListPaths = (
			);
			inputPaths = (
				"${PODS_PODFILE_DIR_PATH}/Podfile.lock",
				"${PODS_ROOT}/Manifest.lock",
			);
			name = "[CP] Check Pods Manifest.lock";
			outputFileListPaths = (
			);
			outputPaths = (
				"$(DERIVED_FILE_DIR)/Pods-Testownik-checkManifestLockResult.txt",
			);
			runOnlyForDeploymentPostprocessing = 0;
			shellPath = /bin/sh;
			shellScript = "diff \"${PODS_PODFILE_DIR_PATH}/Podfile.lock\" \"${PODS_ROOT}/Manifest.lock\" > /dev/null\nif [ $? != 0 ] ; then\n    # print error to STDERR\n    echo \"error: The sandbox is not in sync with the Podfile.lock. Run 'pod install' or update your CocoaPods installation.\" >&2\n    exit 1\nfi\n# This output is used by Xcode 'outputs' to avoid re-running this script phase.\necho \"SUCCESS\" > \"${SCRIPT_OUTPUT_FILE_0}\"\n";
			showEnvVarsInLog = 0;
		};
/* End PBXShellScriptBuildPhase section */

/* Begin PBXSourcesBuildPhase section */
		319977D92B457AC4001FF59E /* Sources */ = {
			isa = PBXSourcesBuildPhase;
			buildActionMask = 2147483647;
			files = (
				31C4C9AA2BA4C99600A6C6AE /* TestsRouter.swift in Sources */,
				3199786C2B548BEE001FF59E /* FileError.swift in Sources */,
				3150AE0C2BA615FC00E9A64F /* TestsResults.swift in Sources */,
				319978452B482298001FF59E /* AddTestBuilder.swift in Sources */,
				319978422B482298001FF59E /* AddTestPresenter.swift in Sources */,
				31C4C9AB2BA4C99600A6C6AE /* TestsViewController.swift in Sources */,
				31C4C9A72BA4C99600A6C6AE /* TestsCollectionViewDataSource.swift in Sources */,
				3199782C2B46EE6E001FF59E /* Answer.swift in Sources */,
				3199784B2B482DD2001FF59E /* Constants.swift in Sources */,
				3150AE682BB0473700E9A64F /* AnswersCollectionView.swift in Sources */,
				3150AE132BA664A600E9A64F /* TestsPresentables.swift in Sources */,
				3150AE6A2BB0500900E9A64F /* AnswerCell.swift in Sources */,
				3150AE642BB01ECE00E9A64F /* TestContentView.swift in Sources */,
				319978612B52AF53001FF59E /* AddFolderButton.swift in Sources */,
				3150AE0E2BA6222F00E9A64F /* TestsCollectionViewCellPresentable.swift in Sources */,
				3150AE3C2BAC993300E9A64F /* String+Extensions.swift in Sources */,
				3199780B2B4585EC001FF59E /* AnyObject+ScopeFunctions.swift in Sources */,
				31C4C9A62BA4C99600A6C6AE /* TestsBuilder.swift in Sources */,
				319978282B46E902001FF59E /* Test.swift in Sources */,
				3199782A2B46E95C001FF59E /* Question.swift in Sources */,
				31C4C9A52BA4C99600A6C6AE /* TestsView.swift in Sources */,
				3150AE5E2BAFF98F00E9A64F /* ViewCodeProtocol.swift in Sources */,
				3199781F2B45D18C001FF59E /* UILabel+Extensions.swift in Sources */,
				3150AE4F2BAECE3800E9A64F /* TestPresenter.swift in Sources */,
				3150AE502BAECE3800E9A64F /* TestRouter.swift in Sources */,
				3150AE5C2BAF61B100E9A64F /* ZoomImageView.swift in Sources */,
				3150AE512BAECE3800E9A64F /* TestViewController.swift in Sources */,
				3150AE522BAECE3800E9A64F /* TestBuilder.swift in Sources */,
				3150AE5A2BAEF02700E9A64F /* ProgressView.swift in Sources */,
				3150AE532BAECE3800E9A64F /* TestInteractor.swift in Sources */,
				3150AE1A2BA7C13100E9A64F /* QuestionParser.swift in Sources */,
				31C4C9A92BA4C99600A6C6AE /* TestsPresenter.swift in Sources */,
				3150AE562BAED70900E9A64F /* TestView.swift in Sources */,
				3150AE762BB6EE6600E9A64F /* TestPresentable.swift in Sources */,
				3150AE722BB6BDF000E9A64F /* AnswerPresentable.swift in Sources */,
				3150AE662BB0359C00E9A64F /* DefaultButton.swift in Sources */,
				3150AE6C2BB052A300E9A64F /* AnswersCollectionViewDataSource.swift in Sources */,
				319978692B532315001FF59E /* ImageFilesWorker.swift in Sources */,
				319978142B458D37001FF59E /* XCAssets+Generated.swift in Sources */,
				319978462B482298001FF59E /* AddTestInteractor.swift in Sources */,
				319978162B458FA1001FF59E /* UIView+Extensions.swift in Sources */,
				319978392B475513001FF59E /* ReuseIdentifying.swift in Sources */,
				319977E12B457AC4001FF59E /* AppDelegate.swift in Sources */,
				3150AE342BAB902E00E9A64F /* QuestionFilesWorker.swift in Sources */,
				31C4C9A32BA4C99600A6C6AE /* TestsCollectionViewAdditionCell.swift in Sources */,
				319978492B4822B9001FF59E /* AddTestView.swift in Sources */,
				3150AE742BB6BDFB00E9A64F /* QuestionPresentable.swift in Sources */,
				3199785F2B4F4237001FF59E /* UIViewController+Extensions.swift in Sources */,
				319978442B482298001FF59E /* AddTestViewController.swift in Sources */,
				319977E32B457AC4001FF59E /* SceneDelegate.swift in Sources */,
				319978182B458FC3001FF59E /* UIStackView+Extensions.swift in Sources */,
				31C4C9A82BA4C99600A6C6AE /* TestsInteractor.swift in Sources */,
				3150AE622BAFFE2700E9A64F /* BaseCell.swift in Sources */,
				3150AE0A2BA57BC700E9A64F /* ErrorPresenting.swift in Sources */,
				31C4C9A22BA4C99600A6C6AE /* TestsCollectionView.swift in Sources */,
				31C4C9A42BA4C99600A6C6AE /* TestsCollectionViewCell.swift in Sources */,
				31C0BEE12BA3862A002B64D9 /* DatabaseWorker.swift in Sources */,
				3199784F2B4DB18B001FF59E /* BarButton.swift in Sources */,
				319978132B458D37001FF59E /* Strings+Generated.swift in Sources */,
				3150AE782BB6F02500E9A64F /* Collection+Extensions.swift in Sources */,
				319978432B482298001FF59E /* AddTestRouter.swift in Sources */,
			);
			runOnlyForDeploymentPostprocessing = 0;
		};
/* End PBXSourcesBuildPhase section */

/* Begin XCBuildConfiguration section */
		319977EF2B457AC5001FF59E /* Debug */ = {
			isa = XCBuildConfiguration;
			buildSettings = {
				ALWAYS_SEARCH_USER_PATHS = NO;
				CLANG_ANALYZER_NONNULL = YES;
				CLANG_ANALYZER_NUMBER_OBJECT_CONVERSION = YES_AGGRESSIVE;
				CLANG_CXX_LANGUAGE_STANDARD = "gnu++20";
				CLANG_ENABLE_MODULES = YES;
				CLANG_ENABLE_OBJC_ARC = YES;
				CLANG_ENABLE_OBJC_WEAK = YES;
				CLANG_WARN_BLOCK_CAPTURE_AUTORELEASING = YES;
				CLANG_WARN_BOOL_CONVERSION = YES;
				CLANG_WARN_COMMA = YES;
				CLANG_WARN_CONSTANT_CONVERSION = YES;
				CLANG_WARN_DEPRECATED_OBJC_IMPLEMENTATIONS = YES;
				CLANG_WARN_DIRECT_OBJC_ISA_USAGE = YES_ERROR;
				CLANG_WARN_DOCUMENTATION_COMMENTS = YES;
				CLANG_WARN_EMPTY_BODY = YES;
				CLANG_WARN_ENUM_CONVERSION = YES;
				CLANG_WARN_INFINITE_RECURSION = YES;
				CLANG_WARN_INT_CONVERSION = YES;
				CLANG_WARN_NON_LITERAL_NULL_CONVERSION = YES;
				CLANG_WARN_OBJC_IMPLICIT_RETAIN_SELF = YES;
				CLANG_WARN_OBJC_LITERAL_CONVERSION = YES;
				CLANG_WARN_OBJC_ROOT_CLASS = YES_ERROR;
				CLANG_WARN_QUOTED_INCLUDE_IN_FRAMEWORK_HEADER = YES;
				CLANG_WARN_RANGE_LOOP_ANALYSIS = YES;
				CLANG_WARN_STRICT_PROTOTYPES = YES;
				CLANG_WARN_SUSPICIOUS_MOVE = YES;
				CLANG_WARN_UNGUARDED_AVAILABILITY = YES_AGGRESSIVE;
				CLANG_WARN_UNREACHABLE_CODE = YES;
				CLANG_WARN__DUPLICATE_METHOD_MATCH = YES;
				COPY_PHASE_STRIP = NO;
				DEBUG_INFORMATION_FORMAT = dwarf;
				ENABLE_STRICT_OBJC_MSGSEND = YES;
				ENABLE_TESTABILITY = YES;
				GCC_C_LANGUAGE_STANDARD = gnu11;
				GCC_DYNAMIC_NO_PIC = NO;
				GCC_NO_COMMON_BLOCKS = YES;
				GCC_OPTIMIZATION_LEVEL = 0;
				GCC_PREPROCESSOR_DEFINITIONS = (
					"DEBUG=1",
					"$(inherited)",
				);
				GCC_WARN_64_TO_32_BIT_CONVERSION = YES;
				GCC_WARN_ABOUT_RETURN_TYPE = YES_ERROR;
				GCC_WARN_UNDECLARED_SELECTOR = YES;
				GCC_WARN_UNINITIALIZED_AUTOS = YES_AGGRESSIVE;
				GCC_WARN_UNUSED_FUNCTION = YES;
				GCC_WARN_UNUSED_VARIABLE = YES;
				IPHONEOS_DEPLOYMENT_TARGET = 16.4;
				MTL_ENABLE_DEBUG_INFO = INCLUDE_SOURCE;
				MTL_FAST_MATH = YES;
				ONLY_ACTIVE_ARCH = YES;
				SDKROOT = iphoneos;
				SWIFT_ACTIVE_COMPILATION_CONDITIONS = DEBUG;
				SWIFT_OPTIMIZATION_LEVEL = "-Onone";
			};
			name = Debug;
		};
		319977F02B457AC5001FF59E /* Release */ = {
			isa = XCBuildConfiguration;
			buildSettings = {
				ALWAYS_SEARCH_USER_PATHS = NO;
				CLANG_ANALYZER_NONNULL = YES;
				CLANG_ANALYZER_NUMBER_OBJECT_CONVERSION = YES_AGGRESSIVE;
				CLANG_CXX_LANGUAGE_STANDARD = "gnu++20";
				CLANG_ENABLE_MODULES = YES;
				CLANG_ENABLE_OBJC_ARC = YES;
				CLANG_ENABLE_OBJC_WEAK = YES;
				CLANG_WARN_BLOCK_CAPTURE_AUTORELEASING = YES;
				CLANG_WARN_BOOL_CONVERSION = YES;
				CLANG_WARN_COMMA = YES;
				CLANG_WARN_CONSTANT_CONVERSION = YES;
				CLANG_WARN_DEPRECATED_OBJC_IMPLEMENTATIONS = YES;
				CLANG_WARN_DIRECT_OBJC_ISA_USAGE = YES_ERROR;
				CLANG_WARN_DOCUMENTATION_COMMENTS = YES;
				CLANG_WARN_EMPTY_BODY = YES;
				CLANG_WARN_ENUM_CONVERSION = YES;
				CLANG_WARN_INFINITE_RECURSION = YES;
				CLANG_WARN_INT_CONVERSION = YES;
				CLANG_WARN_NON_LITERAL_NULL_CONVERSION = YES;
				CLANG_WARN_OBJC_IMPLICIT_RETAIN_SELF = YES;
				CLANG_WARN_OBJC_LITERAL_CONVERSION = YES;
				CLANG_WARN_OBJC_ROOT_CLASS = YES_ERROR;
				CLANG_WARN_QUOTED_INCLUDE_IN_FRAMEWORK_HEADER = YES;
				CLANG_WARN_RANGE_LOOP_ANALYSIS = YES;
				CLANG_WARN_STRICT_PROTOTYPES = YES;
				CLANG_WARN_SUSPICIOUS_MOVE = YES;
				CLANG_WARN_UNGUARDED_AVAILABILITY = YES_AGGRESSIVE;
				CLANG_WARN_UNREACHABLE_CODE = YES;
				CLANG_WARN__DUPLICATE_METHOD_MATCH = YES;
				COPY_PHASE_STRIP = NO;
				DEBUG_INFORMATION_FORMAT = "dwarf-with-dsym";
				ENABLE_NS_ASSERTIONS = NO;
				ENABLE_STRICT_OBJC_MSGSEND = YES;
				GCC_C_LANGUAGE_STANDARD = gnu11;
				GCC_NO_COMMON_BLOCKS = YES;
				GCC_WARN_64_TO_32_BIT_CONVERSION = YES;
				GCC_WARN_ABOUT_RETURN_TYPE = YES_ERROR;
				GCC_WARN_UNDECLARED_SELECTOR = YES;
				GCC_WARN_UNINITIALIZED_AUTOS = YES_AGGRESSIVE;
				GCC_WARN_UNUSED_FUNCTION = YES;
				GCC_WARN_UNUSED_VARIABLE = YES;
				IPHONEOS_DEPLOYMENT_TARGET = 16.4;
				MTL_ENABLE_DEBUG_INFO = NO;
				MTL_FAST_MATH = YES;
				SDKROOT = iphoneos;
				SWIFT_COMPILATION_MODE = wholemodule;
				SWIFT_OPTIMIZATION_LEVEL = "-O";
				VALIDATE_PRODUCT = YES;
			};
			name = Release;
		};
		319977F22B457AC5001FF59E /* Debug */ = {
			isa = XCBuildConfiguration;
			baseConfigurationReference = C2A2C802B5509AD30245F97A /* Pods-Testownik.debug.xcconfig */;
			buildSettings = {
				ASSETCATALOG_COMPILER_APPICON_NAME = AppIcon;
				ASSETCATALOG_COMPILER_GLOBAL_ACCENT_COLOR_NAME = AccentColor;
				CODE_SIGN_STYLE = Automatic;
				CURRENT_PROJECT_VERSION = 1;
				GENERATE_INFOPLIST_FILE = YES;
				INFOPLIST_FILE = Testownik/Core/Info.plist;
				INFOPLIST_KEY_UIApplicationSupportsIndirectInputEvents = YES;
				INFOPLIST_KEY_UILaunchStoryboardName = LaunchScreen;
				INFOPLIST_KEY_UISupportedInterfaceOrientations = UIInterfaceOrientationPortrait;
				LD_RUNPATH_SEARCH_PATHS = (
					"$(inherited)",
					"@executable_path/Frameworks",
				);
				MARKETING_VERSION = 1.0;
				PRODUCT_BUNDLE_IDENTIFIER = com.szleszkowski.Testownik;
				PRODUCT_NAME = "$(TARGET_NAME)";
				SUPPORTED_PLATFORMS = "iphoneos iphonesimulator";
				SUPPORTS_MACCATALYST = NO;
				SUPPORTS_MAC_DESIGNED_FOR_IPHONE_IPAD = NO;
				SUPPORTS_XR_DESIGNED_FOR_IPHONE_IPAD = NO;
				SWIFT_EMIT_LOC_STRINGS = YES;
				SWIFT_VERSION = 5.0;
				TARGETED_DEVICE_FAMILY = "1,2";
			};
			name = Debug;
		};
		319977F32B457AC5001FF59E /* Release */ = {
			isa = XCBuildConfiguration;
			baseConfigurationReference = 64A51D17C8CFC3EC2455197D /* Pods-Testownik.release.xcconfig */;
			buildSettings = {
				ASSETCATALOG_COMPILER_APPICON_NAME = AppIcon;
				ASSETCATALOG_COMPILER_GLOBAL_ACCENT_COLOR_NAME = AccentColor;
				CODE_SIGN_STYLE = Automatic;
				CURRENT_PROJECT_VERSION = 1;
				GENERATE_INFOPLIST_FILE = YES;
				INFOPLIST_FILE = Testownik/Core/Info.plist;
				INFOPLIST_KEY_UIApplicationSupportsIndirectInputEvents = YES;
				INFOPLIST_KEY_UILaunchStoryboardName = LaunchScreen;
				INFOPLIST_KEY_UISupportedInterfaceOrientations = UIInterfaceOrientationPortrait;
				LD_RUNPATH_SEARCH_PATHS = (
					"$(inherited)",
					"@executable_path/Frameworks",
				);
				MARKETING_VERSION = 1.0;
				PRODUCT_BUNDLE_IDENTIFIER = com.szleszkowski.Testownik;
				PRODUCT_NAME = "$(TARGET_NAME)";
				SUPPORTED_PLATFORMS = "iphoneos iphonesimulator";
				SUPPORTS_MACCATALYST = NO;
				SUPPORTS_MAC_DESIGNED_FOR_IPHONE_IPAD = NO;
				SUPPORTS_XR_DESIGNED_FOR_IPHONE_IPAD = NO;
				SWIFT_EMIT_LOC_STRINGS = YES;
				SWIFT_VERSION = 5.0;
				TARGETED_DEVICE_FAMILY = "1,2";
			};
			name = Release;
		};
/* End XCBuildConfiguration section */

/* Begin XCConfigurationList section */
		319977D82B457AC4001FF59E /* Build configuration list for PBXProject "Testownik" */ = {
			isa = XCConfigurationList;
			buildConfigurations = (
				319977EF2B457AC5001FF59E /* Debug */,
				319977F02B457AC5001FF59E /* Release */,
			);
			defaultConfigurationIsVisible = 0;
			defaultConfigurationName = Release;
		};
		319977F12B457AC5001FF59E /* Build configuration list for PBXNativeTarget "Testownik" */ = {
			isa = XCConfigurationList;
			buildConfigurations = (
				319977F22B457AC5001FF59E /* Debug */,
				319977F32B457AC5001FF59E /* Release */,
			);
			defaultConfigurationIsVisible = 0;
			defaultConfigurationName = Release;
		};
/* End XCConfigurationList section */

/* Begin XCRemoteSwiftPackageReference section */
		319977F42B457FBF001FF59E /* XCRemoteSwiftPackageReference "SnapKit" */ = {
			isa = XCRemoteSwiftPackageReference;
			repositoryURL = "https://github.com/SnapKit/SnapKit.git";
			requirement = {
				kind = upToNextMajorVersion;
				minimumVersion = 5.0.0;
			};
		};
		319978562B4DE880001FF59E /* XCRemoteSwiftPackageReference "MCEmojiPicker" */ = {
			isa = XCRemoteSwiftPackageReference;
			repositoryURL = "https://github.com/izyumkin/MCEmojiPicker";
			requirement = {
				kind = upToNextMajorVersion;
				minimumVersion = 1.0.0;
			};
		};
		319978622B52EA48001FF59E /* XCRemoteSwiftPackageReference "SPIndicator" */ = {
			isa = XCRemoteSwiftPackageReference;
			repositoryURL = "https://github.com/ivanvorobei/SPIndicator";
			requirement = {
				kind = upToNextMajorVersion;
				minimumVersion = 1.0.0;
			};
		};
		31C0BEDB2BA3662E002B64D9 /* XCRemoteSwiftPackageReference "realm-swift" */ = {
			isa = XCRemoteSwiftPackageReference;
			repositoryURL = "https://github.com/realm/realm-swift.git";
			requirement = {
				kind = upToNextMajorVersion;
				minimumVersion = 10.0.0;
			};
		};
/* End XCRemoteSwiftPackageReference section */

/* Begin XCSwiftPackageProductDependency section */
		319977F52B457FBF001FF59E /* SnapKit */ = {
			isa = XCSwiftPackageProductDependency;
			package = 319977F42B457FBF001FF59E /* XCRemoteSwiftPackageReference "SnapKit" */;
			productName = SnapKit;
		};
		319978572B4DE880001FF59E /* MCEmojiPicker */ = {
			isa = XCSwiftPackageProductDependency;
			package = 319978562B4DE880001FF59E /* XCRemoteSwiftPackageReference "MCEmojiPicker" */;
			productName = MCEmojiPicker;
		};
		319978632B52EA48001FF59E /* SPIndicator */ = {
			isa = XCSwiftPackageProductDependency;
			package = 319978622B52EA48001FF59E /* XCRemoteSwiftPackageReference "SPIndicator" */;
			productName = SPIndicator;
		};
		31C0BEDC2BA3662E002B64D9 /* Realm */ = {
			isa = XCSwiftPackageProductDependency;
			package = 31C0BEDB2BA3662E002B64D9 /* XCRemoteSwiftPackageReference "realm-swift" */;
			productName = Realm;
		};
		31C0BEDE2BA3662E002B64D9 /* RealmSwift */ = {
			isa = XCSwiftPackageProductDependency;
			package = 31C0BEDB2BA3662E002B64D9 /* XCRemoteSwiftPackageReference "realm-swift" */;
			productName = RealmSwift;
		};
/* End XCSwiftPackageProductDependency section */
	};
	rootObject = 319977D52B457AC4001FF59E /* Project object */;
}
